
Microsoft Visual Studio Solution File, Format Version 12.00
# Visual Studio Version 17
VisualStudioVersion = 17.1.32210.238
MinimumVisualStudioVersion = 10.0.40219.1
Project("{9A19103F-16F7-4668-BE54-9A1E7A4F7556}") = "ASP.NET Web", "ASP.NET Web\ASP.NET Web.csproj", "{55134825-7F87-4E81-8E10-50110F663FDC}"
EndProject
Project("{FAE04EC0-301F-11D3-BF4B-00C04F79EFBC}") = "AppApi", "WebApplication1\AppApi.csproj", "{AC108F6A-4B76-4B0B-B675-43136B7823CF}"
EndProject
Global
	GlobalSection(SolutionConfigurationPlatforms) = preSolution
		Debug|Any CPU = Debug|Any CPU
		Release|Any CPU = Release|Any CPU
	EndGlobalSection
	GlobalSection(ProjectConfigurationPlatforms) = postSolution
		{55134825-7F87-4E81-8E10-50110F663FDC}.Debug|Any CPU.ActiveCfg = Debug|Any CPU
		{55134825-7F87-4E81-8E10-50110F663FDC}.Debug|Any CPU.Build.0 = Debug|Any CPU
		{55134825-7F87-4E81-8E10-50110F663FDC}.Release|Any CPU.ActiveCfg = Release|Any CPU
		{55134825-7F87-4E81-8E10-50110F663FDC}.Release|Any CPU.Build.0 = Release|Any CPU
		{AC108F6A-4B76-4B0B-B675-43136B7823CF}.Debug|Any CPU.ActiveCfg = Debug|Any CPU
		{AC108F6A-4B76-4B0B-B675-43136B7823CF}.Debug|Any CPU.Build.0 = Debug|Any CPU
		{AC108F6A-4B76-4B0B-B675-43136B7823CF}.Release|Any CPU.ActiveCfg = Release|Any CPU
		{AC108F6A-4B76-4B0B-B675-43136B7823CF}.Release|Any CPU.Build.0 = Release|Any CPU
	EndGlobalSection
	GlobalSection(SolutionProperties) = preSolution
		HideSolutionNode = FALSE
	EndGlobalSection
	GlobalSection(ExtensibilityGlobals) = postSolution
		SolutionGuid = {DB4C6C84-C3F5-44E2-8292-F8AA6CCB77FA}
	EndGlobalSection
EndGlobal
